
Microsoft Visual Studio Solution File, Format Version 12.00
Project("{FAE04EC0-301F-11D3-BF4B-00C04F79EFBC}") = "RCEaaS", "RCEaaS.csproj", "{FC8780B6-A5EF-4FD3-A21D-BA6C0DDBE02F}"
EndProject
Global
	GlobalSection(SolutionConfigurationPlatforms) = preSolution
		Debug|Any CPU = Debug|Any CPU
		Release|Any CPU = Release|Any CPU
	EndGlobalSection
	GlobalSection(ProjectConfigurationPlatforms) = postSolution
		{FC8780B6-A5EF-4FD3-A21D-BA6C0DDBE02F}.Debug|Any CPU.ActiveCfg = Debug|Any CPU
		{FC8780B6-A5EF-4FD3-A21D-BA6C0DDBE02F}.Debug|Any CPU.Build.0 = Debug|Any CPU
		{FC8780B6-A5EF-4FD3-A21D-BA6C0DDBE02F}.Release|Any CPU.ActiveCfg = Release|Any CPU
		{FC8780B6-A5EF-4FD3-A21D-BA6C0DDBE02F}.Release|Any CPU.Build.0 = Release|Any CPU
	EndGlobalSection
EndGlobal
